// !$*UTF8*$!
{
	archiveVersion = 1;
	classes = {
	};
	objectVersion = 50;
	objects = {

/* Begin PBXBuildFile section */
		C8E12A3523695AEC000337C5 /* AppDelegate.swift in Sources */ = {isa = PBXBuildFile; fileRef = C8E12A3423695AEC000337C5 /* AppDelegate.swift */; };
		C8E12A3723695AEC000337C5 /* SceneDelegate.swift in Sources */ = {isa = PBXBuildFile; fileRef = C8E12A3623695AEC000337C5 /* SceneDelegate.swift */; };
		C8E12A3923695AEC000337C5 /* ContentView.swift in Sources */ = {isa = PBXBuildFile; fileRef = C8E12A3823695AEC000337C5 /* ContentView.swift */; };
		C8E12A3B23695AED000337C5 /* Assets.xcassets in Resources */ = {isa = PBXBuildFile; fileRef = C8E12A3A23695AED000337C5 /* Assets.xcassets */; };
		C8E12A3E23695AED000337C5 /* Preview Assets.xcassets in Resources */ = {isa = PBXBuildFile; fileRef = C8E12A3D23695AED000337C5 /* Preview Assets.xcassets */; };
		C8E12A4123695AED000337C5 /* LaunchScreen.storyboard in Resources */ = {isa = PBXBuildFile; fileRef = C8E12A3F23695AED000337C5 /* LaunchScreen.storyboard */; };
		C8E12A4C23695AED000337C5 /* UITestDemoTests.swift in Sources */ = {isa = PBXBuildFile; fileRef = C8E12A4B23695AED000337C5 /* UITestDemoTests.swift */; };
		C8E12A5723695AED000337C5 /* UITestDemoUITests.swift in Sources */ = {isa = PBXBuildFile; fileRef = C8E12A5623695AED000337C5 /* UITestDemoUITests.swift */; };
/* End PBXBuildFile section */

/* Begin PBXContainerItemProxy section */
		C8E12A4823695AED000337C5 /* PBXContainerItemProxy */ = {
			isa = PBXContainerItemProxy;
			containerPortal = C8E12A2923695AEC000337C5 /* Project object */;
			proxyType = 1;
			remoteGlobalIDString = C8E12A3023695AEC000337C5;
			remoteInfo = UITestDemo;
		};
		C8E12A5323695AED000337C5 /* PBXContainerItemProxy */ = {
			isa = PBXContainerItemProxy;
			containerPortal = C8E12A2923695AEC000337C5 /* Project object */;
			proxyType = 1;
			remoteGlobalIDString = C8E12A3023695AEC000337C5;
			remoteInfo = UITestDemo;
		};
/* End PBXContainerItemProxy section */

/* Begin PBXFileReference section */
		C8E12A3123695AEC000337C5 /* UITestDemo.app */ = {isa = PBXFileReference; explicitFileType = wrapper.application; includeInIndex = 0; path = UITestDemo.app; sourceTree = BUILT_PRODUCTS_DIR; };
		C8E12A3423695AEC000337C5 /* AppDelegate.swift */ = {isa = PBXFileReference; lastKnownFileType = sourcecode.swift; path = AppDelegate.swift; sourceTree = "<group>"; };
		C8E12A3623695AEC000337C5 /* SceneDelegate.swift */ = {isa = PBXFileReference; lastKnownFileType = sourcecode.swift; path = SceneDelegate.swift; sourceTree = "<group>"; };
		C8E12A3823695AEC000337C5 /* ContentView.swift */ = {isa = PBXFileReference; lastKnownFileType = sourcecode.swift; path = ContentView.swift; sourceTree = "<group>"; };
		C8E12A3A23695AED000337C5 /* Assets.xcassets */ = {isa = PBXFileReference; lastKnownFileType = folder.assetcatalog; path = Assets.xcassets; sourceTree = "<group>"; };
		C8E12A3D23695AED000337C5 /* Preview Assets.xcassets */ = {isa = PBXFileReference; lastKnownFileType = folder.assetcatalog; path = "Preview Assets.xcassets"; sourceTree = "<group>"; };
		C8E12A4023695AED000337C5 /* Base */ = {isa = PBXFileReference; lastKnownFileType = file.storyboard; name = Base; path = Base.lproj/LaunchScreen.storyboard; sourceTree = "<group>"; };
		C8E12A4223695AED000337C5 /* Info.plist */ = {isa = PBXFileReference; lastKnownFileType = text.plist.xml; path = Info.plist; sourceTree = "<group>"; };
		C8E12A4723695AED000337C5 /* UITestDemoTests.xctest */ = {isa = PBXFileReference; explicitFileType = wrapper.cfbundle; includeInIndex = 0; path = UITestDemoTests.xctest; sourceTree = BUILT_PRODUCTS_DIR; };
		C8E12A4B23695AED000337C5 /* UITestDemoTests.swift */ = {isa = PBXFileReference; lastKnownFileType = sourcecode.swift; path = UITestDemoTests.swift; sourceTree = "<group>"; };
		C8E12A4D23695AED000337C5 /* Info.plist */ = {isa = PBXFileReference; lastKnownFileType = text.plist.xml; path = Info.plist; sourceTree = "<group>"; };
		C8E12A5223695AED000337C5 /* UITestDemoUITests.xctest */ = {isa = PBXFileReference; explicitFileType = wrapper.cfbundle; includeInIndex = 0; path = UITestDemoUITests.xctest; sourceTree = BUILT_PRODUCTS_DIR; };
		C8E12A5623695AED000337C5 /* UITestDemoUITests.swift */ = {isa = PBXFileReference; lastKnownFileType = sourcecode.swift; path = UITestDemoUITests.swift; sourceTree = "<group>"; };
		C8E12A5823695AED000337C5 /* Info.plist */ = {isa = PBXFileReference; lastKnownFileType = text.plist.xml; path = Info.plist; sourceTree = "<group>"; };
/* End PBXFileReference section */

/* Begin PBXFrameworksBuildPhase section */
		C8E12A2E23695AEC000337C5 /* Frameworks */ = {
			isa = PBXFrameworksBuildPhase;
			buildActionMask = 2147483647;
			files = (
			);
			runOnlyForDeploymentPostprocessing = 0;
		};
		C8E12A4423695AED000337C5 /* Frameworks */ = {
			isa = PBXFrameworksBuildPhase;
			buildActionMask = 2147483647;
			files = (
			);
			runOnlyForDeploymentPostprocessing = 0;
		};
		C8E12A4F23695AED000337C5 /* Frameworks */ = {
			isa = PBXFrameworksBuildPhase;
			buildActionMask = 2147483647;
			files = (
			);
			runOnlyForDeploymentPostprocessing = 0;
		};
/* End PBXFrameworksBuildPhase section */

/* Begin PBXGroup section */
		C8E12A2823695AEC000337C5 = {
			isa = PBXGroup;
			children = (
				C8E12A3323695AEC000337C5 /* UITestDemo */,
				C8E12A4A23695AED000337C5 /* UITestDemoTests */,
				C8E12A5523695AED000337C5 /* UITestDemoUITests */,
				C8E12A3223695AEC000337C5 /* Products */,
			);
			sourceTree = "<group>";
		};
		C8E12A3223695AEC000337C5 /* Products */ = {
			isa = PBXGroup;
			children = (
				C8E12A3123695AEC000337C5 /* UITestDemo.app */,
				C8E12A4723695AED000337C5 /* UITestDemoTests.xctest */,
				C8E12A5223695AED000337C5 /* UITestDemoUITests.xctest */,
			);
			name = Products;
			sourceTree = "<group>";
		};
		C8E12A3323695AEC000337C5 /* UITestDemo */ = {
			isa = PBXGroup;
			children = (
				C8E12A3423695AEC000337C5 /* AppDelegate.swift */,
				C8E12A3623695AEC000337C5 /* SceneDelegate.swift */,
				C8E12A3823695AEC000337C5 /* ContentView.swift */,
				C8E12A3A23695AED000337C5 /* Assets.xcassets */,
				C8E12A3F23695AED000337C5 /* LaunchScreen.storyboard */,
				C8E12A4223695AED000337C5 /* Info.plist */,
				C8E12A3C23695AED000337C5 /* Preview Content */,
			);
			path = UITestDemo;
			sourceTree = "<group>";
		};
		C8E12A3C23695AED000337C5 /* Preview Content */ = {
			isa = PBXGroup;
			children = (
				C8E12A3D23695AED000337C5 /* Preview Assets.xcassets */,
			);
			path = "Preview Content";
			sourceTree = "<group>";
		};
		C8E12A4A23695AED000337C5 /* UITestDemoTests */ = {
			isa = PBXGroup;
			children = (
				C8E12A4B23695AED000337C5 /* UITestDemoTests.swift */,
				C8E12A4D23695AED000337C5 /* Info.plist */,
			);
			path = UITestDemoTests;
			sourceTree = "<group>";
		};
		C8E12A5523695AED000337C5 /* UITestDemoUITests */ = {
			isa = PBXGroup;
			children = (
				C8E12A5623695AED000337C5 /* UITestDemoUITests.swift */,
				C8E12A5823695AED000337C5 /* Info.plist */,
			);
			path = UITestDemoUITests;
			sourceTree = "<group>";
		};
/* End PBXGroup section */

/* Begin PBXNativeTarget section */
		C8E12A3023695AEC000337C5 /* UITestDemo */ = {
			isa = PBXNativeTarget;
			buildConfigurationList = C8E12A5B23695AED000337C5 /* Build configuration list for PBXNativeTarget "UITestDemo" */;
			buildPhases = (
				C8E12A2D23695AEC000337C5 /* Sources */,
				C8E12A2E23695AEC000337C5 /* Frameworks */,
				C8E12A2F23695AEC000337C5 /* Resources */,
			);
			buildRules = (
			);
			dependencies = (
			);
			name = UITestDemo;
			productName = UITestDemo;
			productReference = C8E12A3123695AEC000337C5 /* UITestDemo.app */;
			productType = "com.apple.product-type.application";
		};
		C8E12A4623695AED000337C5 /* UITestDemoTests */ = {
			isa = PBXNativeTarget;
			buildConfigurationList = C8E12A5E23695AED000337C5 /* Build configuration list for PBXNativeTarget "UITestDemoTests" */;
			buildPhases = (
				C8E12A4323695AED000337C5 /* Sources */,
				C8E12A4423695AED000337C5 /* Frameworks */,
				C8E12A4523695AED000337C5 /* Resources */,
			);
			buildRules = (
			);
			dependencies = (
				C8E12A4923695AED000337C5 /* PBXTargetDependency */,
			);
			name = UITestDemoTests;
			productName = UITestDemoTests;
			productReference = C8E12A4723695AED000337C5 /* UITestDemoTests.xctest */;
			productType = "com.apple.product-type.bundle.unit-test";
		};
		C8E12A5123695AED000337C5 /* UITestDemoUITests */ = {
			isa = PBXNativeTarget;
			buildConfigurationList = C8E12A6123695AED000337C5 /* Build configuration list for PBXNativeTarget "UITestDemoUITests" */;
			buildPhases = (
				C8E12A4E23695AED000337C5 /* Sources */,
				C8E12A4F23695AED000337C5 /* Frameworks */,
				C8E12A5023695AED000337C5 /* Resources */,
			);
			buildRules = (
			);
			dependencies = (
				C8E12A5423695AED000337C5 /* PBXTargetDependency */,
			);
			name = UITestDemoUITests;
			productName = UITestDemoUITests;
			productReference = C8E12A5223695AED000337C5 /* UITestDemoUITests.xctest */;
			productType = "com.apple.product-type.bundle.ui-testing";
		};
/* End PBXNativeTarget section */

/* Begin PBXProject section */
		C8E12A2923695AEC000337C5 /* Project object */ = {
			isa = PBXProject;
			attributes = {
				LastSwiftUpdateCheck = 1110;
				LastUpgradeCheck = 1110;
				ORGANIZATIONNAME = "Kristijan Kralj";
				TargetAttributes = {
					C8E12A3023695AEC000337C5 = {
						CreatedOnToolsVersion = 11.1;
					};
					C8E12A4623695AED000337C5 = {
						CreatedOnToolsVersion = 11.1;
						TestTargetID = C8E12A3023695AEC000337C5;
					};
					C8E12A5123695AED000337C5 = {
						CreatedOnToolsVersion = 11.1;
						TestTargetID = C8E12A3023695AEC000337C5;
					};
				};
			};
			buildConfigurationList = C8E12A2C23695AEC000337C5 /* Build configuration list for PBXProject "UITestDemo" */;
			compatibilityVersion = "Xcode 9.3";
			developmentRegion = en;
			hasScannedForEncodings = 0;
			knownRegions = (
				en,
				Base,
			);
			mainGroup = C8E12A2823695AEC000337C5;
			productRefGroup = C8E12A3223695AEC000337C5 /* Products */;
			projectDirPath = "";
			projectRoot = "";
			targets = (
				C8E12A3023695AEC000337C5 /* UITestDemo */,
				C8E12A4623695AED000337C5 /* UITestDemoTests */,
				C8E12A5123695AED000337C5 /* UITestDemoUITests */,
			);
		};
/* End PBXProject section */

/* Begin PBXResourcesBuildPhase section */
		C8E12A2F23695AEC000337C5 /* Resources */ = {
			isa = PBXResourcesBuildPhase;
			buildActionMask = 2147483647;
			files = (
				C8E12A4123695AED000337C5 /* LaunchScreen.storyboard in Resources */,
				C8E12A3E23695AED000337C5 /* Preview Assets.xcassets in Resources */,
				C8E12A3B23695AED000337C5 /* Assets.xcassets in Resources */,
			);
			runOnlyForDeploymentPostprocessing = 0;
		};
		C8E12A4523695AED000337C5 /* Resources */ = {
			isa = PBXResourcesBuildPhase;
			buildActionMask = 2147483647;
			files = (
			);
			runOnlyForDeploymentPostprocessing = 0;
		};
		C8E12A5023695AED000337C5 /* Resources */ = {
			isa = PBXResourcesBuildPhase;
			buildActionMask = 2147483647;
			files = (
			);
			runOnlyForDeploymentPostprocessing = 0;
		};
/* End PBXResourcesBuildPhase section */

/* Begin PBXSourcesBuildPhase section */
		C8E12A2D23695AEC000337C5 /* Sources */ = {
			isa = PBXSourcesBuildPhase;
			buildActionMask = 2147483647;
			files = (
				C8E12A3523695AEC000337C5 /* AppDelegate.swift in Sources */,
				C8E12A3723695AEC000337C5 /* SceneDelegate.swift in Sources */,
				C8E12A3923695AEC000337C5 /* ContentView.swift in Sources */,
			);
			runOnlyForDeploymentPostprocessing = 0;
		};
		C8E12A4323695AED000337C5 /* Sources */ = {
			isa = PBXSourcesBuildPhase;
			buildActionMask = 2147483647;
			files = (
				C8E12A4C23695AED000337C5 /* UITestDemoTests.swift in Sources */,
			);
			runOnlyForDeploymentPostprocessing = 0;
		};
		C8E12A4E23695AED000337C5 /* Sources */ = {
			isa = PBXSourcesBuildPhase;
			buildActionMask = 2147483647;
			files = (
				C8E12A5723695AED000337C5 /* UITestDemoUITests.swift in Sources */,
			);
			runOnlyForDeploymentPostprocessing = 0;
		};
/* End PBXSourcesBuildPhase section */

/* Begin PBXTargetDependency section */
		C8E12A4923695AED000337C5 /* PBXTargetDependency */ = {
			isa = PBXTargetDependency;
			target = C8E12A3023695AEC000337C5 /* UITestDemo */;
			targetProxy = C8E12A4823695AED000337C5 /* PBXContainerItemProxy */;
		};
		C8E12A5423695AED000337C5 /* PBXTargetDependency */ = {
			isa = PBXTargetDependency;
			target = C8E12A3023695AEC000337C5 /* UITestDemo */;
			targetProxy = C8E12A5323695AED000337C5 /* PBXContainerItemProxy */;
		};
/* End PBXTargetDependency section */

/* Begin PBXVariantGroup section */
		C8E12A3F23695AED000337C5 /* LaunchScreen.storyboard */ = {
			isa = PBXVariantGroup;
			children = (
				C8E12A4023695AED000337C5 /* Base */,
			);
			name = LaunchScreen.storyboard;
			sourceTree = "<group>";
		};
/* End PBXVariantGroup section */

/* Begin XCBuildConfiguration section */
		C8E12A5923695AED000337C5 /* Debug */ = {
			isa = XCBuildConfiguration;
			buildSettings = {
				ALWAYS_SEARCH_USER_PATHS = NO;
				CLANG_ANALYZER_NONNULL = YES;
				CLANG_ANALYZER_NUMBER_OBJECT_CONVERSION = YES_AGGRESSIVE;
				CLANG_CXX_LANGUAGE_STANDARD = "gnu++14";
				CLANG_CXX_LIBRARY = "libc++";
				CLANG_ENABLE_MODULES = YES;
				CLANG_ENABLE_OBJC_ARC = YES;
				CLANG_ENABLE_OBJC_WEAK = YES;
				CLANG_WARN_BLOCK_CAPTURE_AUTORELEASING = YES;
				CLANG_WARN_BOOL_CONVERSION = YES;
				CLANG_WARN_COMMA = YES;
				CLANG_WARN_CONSTANT_CONVERSION = YES;
				CLANG_WARN_DEPRECATED_OBJC_IMPLEMENTATIONS = YES;
				CLANG_WARN_DIRECT_OBJC_ISA_USAGE = YES_ERROR;
				CLANG_WARN_DOCUMENTATION_COMMENTS = YES;
				CLANG_WARN_EMPTY_BODY = YES;
				CLANG_WARN_ENUM_CONVERSION = YES;
				CLANG_WARN_INFINITE_RECURSION = YES;
				CLANG_WARN_INT_CONVERSION = YES;
				CLANG_WARN_NON_LITERAL_NULL_CONVERSION = YES;
				CLANG_WARN_OBJC_IMPLICIT_RETAIN_SELF = YES;
				CLANG_WARN_OBJC_LITERAL_CONVERSION = YES;
				CLANG_WARN_OBJC_ROOT_CLASS = YES_ERROR;
				CLANG_WARN_RANGE_LOOP_ANALYSIS = YES;
				CLANG_WARN_STRICT_PROTOTYPES = YES;
				CLANG_WARN_SUSPICIOUS_MOVE = YES;
				CLANG_WARN_UNGUARDED_AVAILABILITY = YES_AGGRESSIVE;
				CLANG_WARN_UNREACHABLE_CODE = YES;
				CLANG_WARN__DUPLICATE_METHOD_MATCH = YES;
				COPY_PHASE_STRIP = NO;
				DEBUG_INFORMATION_FORMAT = dwarf;
				ENABLE_STRICT_OBJC_MSGSEND = YES;
				ENABLE_TESTABILITY = YES;
				GCC_C_LANGUAGE_STANDARD = gnu11;
				GCC_DYNAMIC_NO_PIC = NO;
				GCC_NO_COMMON_BLOCKS = YES;
				GCC_OPTIMIZATION_LEVEL = 0;
				GCC_PREPROCESSOR_DEFINITIONS = (
					"DEBUG=1",
					"$(inherited)",
				);
				GCC_WARN_64_TO_32_BIT_CONVERSION = YES;
				GCC_WARN_ABOUT_RETURN_TYPE = YES_ERROR;
				GCC_WARN_UNDECLARED_SELECTOR = YES;
				GCC_WARN_UNINITIALIZED_AUTOS = YES_AGGRESSIVE;
				GCC_WARN_UNUSED_FUNCTION = YES;
				GCC_WARN_UNUSED_VARIABLE = YES;
				IPHONEOS_DEPLOYMENT_TARGET = 13.1;
				MTL_ENABLE_DEBUG_INFO = INCLUDE_SOURCE;
				MTL_FAST_MATH = YES;
				ONLY_ACTIVE_ARCH = YES;
				SDKROOT = iphoneos;
				SWIFT_ACTIVE_COMPILATION_CONDITIONS = DEBUG;
				SWIFT_OPTIMIZATION_LEVEL = "-Onone";
			};
			name = Debug;
		};
		C8E12A5A23695AED000337C5 /* Release */ = {
			isa = XCBuildConfiguration;
			buildSettings = {
				ALWAYS_SEARCH_USER_PATHS = NO;
				CLANG_ANALYZER_NONNULL = YES;
				CLANG_ANALYZER_NUMBER_OBJECT_CONVERSION = YES_AGGRESSIVE;
				CLANG_CXX_LANGUAGE_STANDARD = "gnu++14";
				CLANG_CXX_LIBRARY = "libc++";
				CLANG_ENABLE_MODULES = YES;
				CLANG_ENABLE_OBJC_ARC = YES;
				CLANG_ENABLE_OBJC_WEAK = YES;
				CLANG_WARN_BLOCK_CAPTURE_AUTORELEASING = YES;
				CLANG_WARN_BOOL_CONVERSION = YES;
				CLANG_WARN_COMMA = YES;
				CLANG_WARN_CONSTANT_CONVERSION = YES;
				CLANG_WARN_DEPRECATED_OBJC_IMPLEMENTATIONS = YES;
				CLANG_WARN_DIRECT_OBJC_ISA_USAGE = YES_ERROR;
				CLANG_WARN_DOCUMENTATION_COMMENTS = YES;
				CLANG_WARN_EMPTY_BODY = YES;
				CLANG_WARN_ENUM_CONVERSION = YES;
				CLANG_WARN_INFINITE_RECURSION = YES;
				CLANG_WARN_INT_CONVERSION = YES;
				CLANG_WARN_NON_LITERAL_NULL_CONVERSION = YES;
				CLANG_WARN_OBJC_IMPLICIT_RETAIN_SELF = YES;
				CLANG_WARN_OBJC_LITERAL_CONVERSION = YES;
				CLANG_WARN_OBJC_ROOT_CLASS = YES_ERROR;
				CLANG_WARN_RANGE_LOOP_ANALYSIS = YES;
				CLANG_WARN_STRICT_PROTOTYPES = YES;
				CLANG_WARN_SUSPICIOUS_MOVE = YES;
				CLANG_WARN_UNGUARDED_AVAILABILITY = YES_AGGRESSIVE;
				CLANG_WARN_UNREACHABLE_CODE = YES;
				CLANG_WARN__DUPLICATE_METHOD_MATCH = YES;
				COPY_PHASE_STRIP = NO;
				DEBUG_INFORMATION_FORMAT = "dwarf-with-dsym";
				ENABLE_NS_ASSERTIONS = NO;
				ENABLE_STRICT_OBJC_MSGSEND = YES;
				GCC_C_LANGUAGE_STANDARD = gnu11;
				GCC_NO_COMMON_BLOCKS = YES;
				GCC_WARN_64_TO_32_BIT_CONVERSION = YES;
				GCC_WARN_ABOUT_RETURN_TYPE = YES_ERROR;
				GCC_WARN_UNDECLARED_SELECTOR = YES;
				GCC_WARN_UNINITIALIZED_AUTOS = YES_AGGRESSIVE;
				GCC_WARN_UNUSED_FUNCTION = YES;
				GCC_WARN_UNUSED_VARIABLE = YES;
				IPHONEOS_DEPLOYMENT_TARGET = 13.1;
				MTL_ENABLE_DEBUG_INFO = NO;
				MTL_FAST_MATH = YES;
				SDKROOT = iphoneos;
				SWIFT_COMPILATION_MODE = wholemodule;
				SWIFT_OPTIMIZATION_LEVEL = "-O";
				VALIDATE_PRODUCT = YES;
			};
			name = Release;
		};
		C8E12A5C23695AED000337C5 /* Debug */ = {
			isa = XCBuildConfiguration;
			buildSettings = {
				ASSETCATALOG_COMPILER_APPICON_NAME = AppIcon;
				CODE_SIGN_STYLE = Automatic;
				DEVELOPMENT_ASSET_PATHS = "\"UITestDemo/Preview Content\"";
				DEVELOPMENT_TEAM = MEEH8E5U85;
				ENABLE_PREVIEWS = YES;
				INFOPLIST_FILE = UITestDemo/Info.plist;
				LD_RUNPATH_SEARCH_PATHS = (
					"$(inherited)",
					"@executable_path/Frameworks",
				);
				PRODUCT_BUNDLE_IDENTIFIER = com.kristijankralj.UITestDemo;
				PRODUCT_NAME = "$(TARGET_NAME)";
				SWIFT_VERSION = 5.0;
				TARGETED_DEVICE_FAMILY = "1,2";
			};
			name = Debug;
		};
		C8E12A5D23695AED000337C5 /* Release */ = {
			isa = XCBuildConfiguration;
			buildSettings = {
				ASSETCATALOG_COMPILER_APPICON_NAME = AppIcon;
				CODE_SIGN_STYLE = Automatic;
				DEVELOPMENT_ASSET_PATHS = "\"UITestDemo/Preview Content\"";
				DEVELOPMENT_TEAM = MEEH8E5U85;
				ENABLE_PREVIEWS = YES;
				INFOPLIST_FILE = UITestDemo/Info.plist;
				LD_RUNPATH_SEARCH_PATHS = (
					"$(inherited)",
					"@executable_path/Frameworks",
				);
				PRODUCT_BUNDLE_IDENTIFIER = com.kristijankralj.UITestDemo;
				PRODUCT_NAME = "$(TARGET_NAME)";
				SWIFT_VERSION = 5.0;
				TARGETED_DEVICE_FAMILY = "1,2";
			};
			name = Release;
		};
		C8E12A5F23695AED000337C5 /* Debug */ = {
			isa = XCBuildConfiguration;
			buildSettings = {
				ALWAYS_EMBED_SWIFT_STANDARD_LIBRARIES = YES;
				BUNDLE_LOADER = "$(TEST_HOST)";
				CODE_SIGN_STYLE = Automatic;
				DEVELOPMENT_TEAM = MEEH8E5U85;
				INFOPLIST_FILE = UITestDemoTests/Info.plist;
				IPHONEOS_DEPLOYMENT_TARGET = 13.1;
				LD_RUNPATH_SEARCH_PATHS = (
					"$(inherited)",
					"@executable_path/Frameworks",
					"@loader_path/Frameworks",
				);
				PRODUCT_BUNDLE_IDENTIFIER = com.kristijankralj.UITestDemoTests;
				PRODUCT_NAME = "$(TARGET_NAME)";
				SWIFT_VERSION = 5.0;
				TARGETED_DEVICE_FAMILY = "1,2";
				TEST_HOST = "$(BUILT_PRODUCTS_DIR)/UITestDemo.app/UITestDemo";
			};
			name = Debug;
		};
		C8E12A6023695AED000337C5 /* Release */ = {
			isa = XCBuildConfiguration;
			buildSettings = {
				ALWAYS_EMBED_SWIFT_STANDARD_LIBRARIES = YES;
				BUNDLE_LOADER = "$(TEST_HOST)";
				CODE_SIGN_STYLE = Automatic;
				DEVELOPMENT_TEAM = MEEH8E5U85;
				INFOPLIST_FILE = UITestDemoTests/Info.plist;
				IPHONEOS_DEPLOYMENT_TARGET = 13.1;
				LD_RUNPATH_SEARCH_PATHS = (
					"$(inherited)",
					"@executable_path/Frameworks",
					"@loader_path/Frameworks",
				);
				PRODUCT_BUNDLE_IDENTIFIER = com.kristijankralj.UITestDemoTests;
				PRODUCT_NAME = "$(TARGET_NAME)";
				SWIFT_VERSION = 5.0;
				TARGETED_DEVICE_FAMILY = "1,2";
				TEST_HOST = "$(BUILT_PRODUCTS_DIR)/UITestDemo.app/UITestDemo";
			};
			name = Release;
		};
		C8E12A6223695AED000337C5 /* Debug */ = {
			isa = XCBuildConfiguration;
			buildSettings = {
				ALWAYS_EMBED_SWIFT_STANDARD_LIBRARIES = YES;
				CODE_SIGN_STYLE = Automatic;
				DEVELOPMENT_TEAM = MEEH8E5U85;
				INFOPLIST_FILE = UITestDemoUITests/Info.plist;
				LD_RUNPATH_SEARCH_PATHS = (
					"$(inherited)",
					"@executable_path/Frameworks",
					"@loader_path/Frameworks",
				);
				PRODUCT_BUNDLE_IDENTIFIER = com.kristijankralj.UITestDemoUITests;
				PRODUCT_NAME = "$(TARGET_NAME)";
				SWIFT_VERSION = 5.0;
				TARGETED_DEVICE_FAMILY = "1,2";
				TEST_TARGET_NAME = UITestDemo;
			};
			name = Debug;
		};
		C8E12A6323695AED000337C5 /* Release */ = {
			isa = XCBuildConfiguration;
			buildSettings = {
				ALWAYS_EMBED_SWIFT_STANDARD_LIBRARIES = YES;
				CODE_SIGN_STYLE = Automatic;
				DEVELOPMENT_TEAM = MEEH8E5U85;
				INFOPLIST_FILE = UITestDemoUITests/Info.plist;
				LD_RUNPATH_SEARCH_PATHS = (
					"$(inherited)",
					"@executable_path/Frameworks",
					"@loader_path/Frameworks",
				);
				PRODUCT_BUNDLE_IDENTIFIER = com.kristijankralj.UITestDemoUITests;
				PRODUCT_NAME = "$(TARGET_NAME)";
				SWIFT_VERSION = 5.0;
				TARGETED_DEVICE_FAMILY = "1,2";
				TEST_TARGET_NAME = UITestDemo;
			};
			name = Release;
		};
/* End XCBuildConfiguration section */

/* Begin XCConfigurationList section */
		C8E12A2C23695AEC000337C5 /* Build configuration list for PBXProject "UITestDemo" */ = {
			isa = XCConfigurationList;
			buildConfigurations = (
				C8E12A5923695AED000337C5 /* Debug */,
				C8E12A5A23695AED000337C5 /* Release */,
			);
			defaultConfigurationIsVisible = 0;
			defaultConfigurationName = Release;
		};
		C8E12A5B23695AED000337C5 /* Build configuration list for PBXNativeTarget "UITestDemo" */ = {
			isa = XCConfigurationList;
			buildConfigurations = (
				C8E12A5C23695AED000337C5 /* Debug */,
				C8E12A5D23695AED000337C5 /* Release */,
			);
			defaultConfigurationIsVisible = 0;
			defaultConfigurationName = Release;
		};
		C8E12A5E23695AED000337C5 /* Build configuration list for PBXNativeTarget "UITestDemoTests" */ = {
			isa = XCConfigurationList;
			buildConfigurations = (
				C8E12A5F23695AED000337C5 /* Debug */,
				C8E12A6023695AED000337C5 /* Release */,
			);
			defaultConfigurationIsVisible = 0;
			defaultConfigurationName = Release;
		};
		C8E12A6123695AED000337C5 /* Build configuration list for PBXNativeTarget "UITestDemoUITests" */ = {
			isa = XCConfigurationList;
			buildConfigurations = (
				C8E12A6223695AED000337C5 /* Debug */,
				C8E12A6323695AED000337C5 /* Release */,
			);
			defaultConfigurationIsVisible = 0;
			defaultConfigurationName = Release;
		};
/* End XCConfigurationList section */
	};
	rootObject = C8E12A2923695AEC000337C5 /* Project object */;
}
